
Microsoft Visual Studio Solution File, Format Version 12.00
# Visual Studio Version 16
VisualStudioVersion = 16.0.32228.343
MinimumVisualStudioVersion = 10.0.40219.1
Project("{FAE04EC0-301F-11D3-BF4B-00C04F79EFBC}") = "Practice", "Practice\Practice.csproj", "{F56EBC6E-03CC-48CD-8B93-33427B7A69B8}"
EndProject
Global
	GlobalSection(SolutionConfigurationPlatforms) = preSolution
		Debug|Any CPU = Debug|Any CPU
		Release|Any CPU = Release|Any CPU
	EndGlobalSection
	GlobalSection(ProjectConfigurationPlatforms) = postSolution
		{F56EBC6E-03CC-48CD-8B93-33427B7A69B8}.Debug|Any CPU.ActiveCfg = Debug|Any CPU
		{F56EBC6E-03CC-48CD-8B93-33427B7A69B8}.Debug|Any CPU.Build.0 = Debug|Any CPU
		{F56EBC6E-03CC-48CD-8B93-33427B7A69B8}.Release|Any CPU.ActiveCfg = Release|Any CPU
		{F56EBC6E-03CC-48CD-8B93-33427B7A69B8}.Release|Any CPU.Build.0 = Release|Any CPU
	EndGlobalSection
	GlobalSection(SolutionProperties) = preSolution
		HideSolutionNode = FALSE
	EndGlobalSection
	GlobalSection(ExtensibilityGlobals) = postSolution
		SolutionGuid = {7347D65C-7EFE-4BF9-AA65-2F9BD6BF8684}
	EndGlobalSection
EndGlobal
